// !$*UTF8*$!
{
	archiveVersion = 1;
	classes = {
	};
	objectVersion = 50;
	objects = {

/* Begin PBXBuildFile section */
		211AC8AD253526C10083AB7E /* ConfigView.swift in Sources */ = {isa = PBXBuildFile; fileRef = 211AC8AC253526C10083AB7E /* ConfigView.swift */; };
		211AC8B0253526DA0083AB7E /* TXView.swift in Sources */ = {isa = PBXBuildFile; fileRef = 211AC8AF253526DA0083AB7E /* TXView.swift */; };
		211AC8B3253526F20083AB7E /* RadioView.swift in Sources */ = {isa = PBXBuildFile; fileRef = 211AC8B2253526F20083AB7E /* RadioView.swift */; };
		211AC8B62535270B0083AB7E /* FilesView.swift in Sources */ = {isa = PBXBuildFile; fileRef = 211AC8B52535270B0083AB7E /* FilesView.swift */; };
		211AC8C7253540E00083AB7E /* radioRX.mp3 in Resources */ = {isa = PBXBuildFile; fileRef = 211AC8C6253540E00083AB7E /* radioRX.mp3 */; };
		211AC8CB253543C90083AB7E /* AVFoundation.framework in Frameworks */ = {isa = PBXBuildFile; fileRef = 211AC8CA253543C90083AB7E /* AVFoundation.framework */; };
		211AC8CF2535468C0083AB7E /* event.mp3 in Resources */ = {isa = PBXBuildFile; fileRef = 211AC8CD2535468C0083AB7E /* event.mp3 */; };
		211AC8D02535468C0083AB7E /* message.mp3 in Resources */ = {isa = PBXBuildFile; fileRef = 211AC8CE2535468C0083AB7E /* message.mp3 */; };
		211AC8D3253547F00083AB7E /* subradarlong.mp3 in Resources */ = {isa = PBXBuildFile; fileRef = 211AC8D2253547F00083AB7E /* subradarlong.mp3 */; };
		212F832E253BB9B20051BB51 /* RedSerial.framework in Frameworks */ = {isa = PBXBuildFile; fileRef = 212F832D253BB9B10051BB51 /* RedSerial.framework */; };
		212F832F253BB9B20051BB51 /* RedSerial.framework in Embed Frameworks */ = {isa = PBXBuildFile; fileRef = 212F832D253BB9B10051BB51 /* RedSerial.framework */; settings = {ATTRIBUTES = (CodeSignOnCopy, RemoveHeadersOnCopy, ); }; };
		212F8332253BB9D90051BB51 /* ExternalAccessory.framework in Frameworks */ = {isa = PBXBuildFile; fileRef = 212F8331253BB9D90051BB51 /* ExternalAccessory.framework */; };
		2180BD702533C0540065A0FE /* AppDelegate.swift in Sources */ = {isa = PBXBuildFile; fileRef = 2180BD6F2533C0540065A0FE /* AppDelegate.swift */; };
		2180BD722533C0540065A0FE /* SceneDelegate.swift in Sources */ = {isa = PBXBuildFile; fileRef = 2180BD712533C0540065A0FE /* SceneDelegate.swift */; };
		2180BD772533C0540065A0FE /* Main.storyboard in Resources */ = {isa = PBXBuildFile; fileRef = 2180BD752533C0540065A0FE /* Main.storyboard */; };
		2180BD792533C0560065A0FE /* Assets.xcassets in Resources */ = {isa = PBXBuildFile; fileRef = 2180BD782533C0560065A0FE /* Assets.xcassets */; };
		2180BD7C2533C0560065A0FE /* LaunchScreen.storyboard in Resources */ = {isa = PBXBuildFile; fileRef = 2180BD7A2533C0560065A0FE /* LaunchScreen.storyboard */; };
		2180BD862533D1CE0065A0FE /* SummaryView.swift in Sources */ = {isa = PBXBuildFile; fileRef = 2180BD852533D1CE0065A0FE /* SummaryView.swift */; };
		2180BD8A2533D45F0065A0FE /* MainView.swift in Sources */ = {isa = PBXBuildFile; fileRef = 2180BD892533D45F0065A0FE /* MainView.swift */; };
		2180BD8D2533D47B0065A0FE /* TrackerView.swift in Sources */ = {isa = PBXBuildFile; fileRef = 2180BD8C2533D47B0065A0FE /* TrackerView.swift */; };
		219D82A625E9FF76005E5923 /* Booster.swift in Sources */ = {isa = PBXBuildFile; fileRef = 219D82A525E9FF76005E5923 /* Booster.swift */; };
		21EA13ED25EB36FE0059D689 /* booster2.mp3 in Resources */ = {isa = PBXBuildFile; fileRef = 21EA13EC25EB36FE0059D689 /* booster2.mp3 */; };
/* End PBXBuildFile section */

/* Begin PBXCopyFilesBuildPhase section */
		212F8330253BB9B20051BB51 /* Embed Frameworks */ = {
			isa = PBXCopyFilesBuildPhase;
			buildActionMask = 2147483647;
			dstPath = "";
			dstSubfolderSpec = 10;
			files = (
				212F832F253BB9B20051BB51 /* RedSerial.framework in Embed Frameworks */,
			);
			name = "Embed Frameworks";
			runOnlyForDeploymentPostprocessing = 0;
		};
/* End PBXCopyFilesBuildPhase section */

/* Begin PBXFileReference section */
		211AC8AC253526C10083AB7E /* ConfigView.swift */ = {isa = PBXFileReference; lastKnownFileType = sourcecode.swift; path = ConfigView.swift; sourceTree = "<group>"; };
		211AC8AF253526DA0083AB7E /* TXView.swift */ = {isa = PBXFileReference; lastKnownFileType = sourcecode.swift; path = TXView.swift; sourceTree = "<group>"; };
		211AC8B2253526F20083AB7E /* RadioView.swift */ = {isa = PBXFileReference; lastKnownFileType = sourcecode.swift; path = RadioView.swift; sourceTree = "<group>"; };
		211AC8B52535270B0083AB7E /* FilesView.swift */ = {isa = PBXFileReference; lastKnownFileType = sourcecode.swift; path = FilesView.swift; sourceTree = "<group>"; };
		211AC8C6253540E00083AB7E /* radioRX.mp3 */ = {isa = PBXFileReference; lastKnownFileType = audio.mp3; path = radioRX.mp3; sourceTree = "<group>"; };
		211AC8CA253543C90083AB7E /* AVFoundation.framework */ = {isa = PBXFileReference; lastKnownFileType = wrapper.framework; name = AVFoundation.framework; path = System/Library/Frameworks/AVFoundation.framework; sourceTree = SDKROOT; };
		211AC8CD2535468C0083AB7E /* event.mp3 */ = {isa = PBXFileReference; lastKnownFileType = audio.mp3; path = event.mp3; sourceTree = "<group>"; };
		211AC8CE2535468C0083AB7E /* message.mp3 */ = {isa = PBXFileReference; lastKnownFileType = audio.mp3; path = message.mp3; sourceTree = "<group>"; };
		211AC8D2253547F00083AB7E /* subradarlong.mp3 */ = {isa = PBXFileReference; lastKnownFileType = audio.mp3; path = subradarlong.mp3; sourceTree = "<group>"; };
		212F832D253BB9B10051BB51 /* RedSerial.framework */ = {isa = PBXFileReference; lastKnownFileType = wrapper.framework; name = RedSerial.framework; path = lib/RedSerial.framework; sourceTree = "<group>"; };
		212F8331253BB9D90051BB51 /* ExternalAccessory.framework */ = {isa = PBXFileReference; lastKnownFileType = wrapper.framework; name = ExternalAccessory.framework; path = System/Library/Frameworks/ExternalAccessory.framework; sourceTree = SDKROOT; };
		2180BD6C2533C0540065A0FE /* rTalkv1.app */ = {isa = PBXFileReference; explicitFileType = wrapper.application; includeInIndex = 0; path = rTalkv1.app; sourceTree = BUILT_PRODUCTS_DIR; };
		2180BD6F2533C0540065A0FE /* AppDelegate.swift */ = {isa = PBXFileReference; lastKnownFileType = sourcecode.swift; path = AppDelegate.swift; sourceTree = "<group>"; };
		2180BD712533C0540065A0FE /* SceneDelegate.swift */ = {isa = PBXFileReference; lastKnownFileType = sourcecode.swift; path = SceneDelegate.swift; sourceTree = "<group>"; };
		2180BD762533C0540065A0FE /* Base */ = {isa = PBXFileReference; lastKnownFileType = file.storyboard; name = Base; path = Base.lproj/Main.storyboard; sourceTree = "<group>"; };
		2180BD782533C0560065A0FE /* Assets.xcassets */ = {isa = PBXFileReference; lastKnownFileType = folder.assetcatalog; path = Assets.xcassets; sourceTree = "<group>"; };
		2180BD7B2533C0560065A0FE /* Base */ = {isa = PBXFileReference; lastKnownFileType = file.storyboard; name = Base; path = Base.lproj/LaunchScreen.storyboard; sourceTree = "<group>"; };
		2180BD7D2533C0560065A0FE /* Info.plist */ = {isa = PBXFileReference; lastKnownFileType = text.plist.xml; path = Info.plist; sourceTree = "<group>"; };
		2180BD852533D1CE0065A0FE /* SummaryView.swift */ = {isa = PBXFileReference; lastKnownFileType = sourcecode.swift; path = SummaryView.swift; sourceTree = "<group>"; };
		2180BD892533D45F0065A0FE /* MainView.swift */ = {isa = PBXFileReference; lastKnownFileType = sourcecode.swift; path = MainView.swift; sourceTree = "<group>"; };
		2180BD8C2533D47B0065A0FE /* TrackerView.swift */ = {isa = PBXFileReference; lastKnownFileType = sourcecode.swift; path = TrackerView.swift; sourceTree = "<group>"; };
		219D82A525E9FF76005E5923 /* Booster.swift */ = {isa = PBXFileReference; lastKnownFileType = sourcecode.swift; path = Booster.swift; sourceTree = "<group>"; };
		21EA13EA25EB351C0059D689 /* booster.m4a */ = {isa = PBXFileReference; lastKnownFileType = file; path = booster.m4a; sourceTree = "<group>"; };
		21EA13EB25EB351C0059D689 /* booster1.m4a */ = {isa = PBXFileReference; lastKnownFileType = file; path = booster1.m4a; sourceTree = "<group>"; };
		21EA13EC25EB36FE0059D689 /* booster2.mp3 */ = {isa = PBXFileReference; lastKnownFileType = audio.mp3; path = booster2.mp3; sourceTree = "<group>"; };
/* End PBXFileReference section */

/* Begin PBXFrameworksBuildPhase section */
		2180BD692533C0540065A0FE /* Frameworks */ = {
			isa = PBXFrameworksBuildPhase;
			buildActionMask = 2147483647;
			files = (
				212F8332253BB9D90051BB51 /* ExternalAccessory.framework in Frameworks */,
				212F832E253BB9B20051BB51 /* RedSerial.framework in Frameworks */,
				211AC8CB253543C90083AB7E /* AVFoundation.framework in Frameworks */,
			);
			runOnlyForDeploymentPostprocessing = 0;
		};
/* End PBXFrameworksBuildPhase section */

/* Begin PBXGroup section */
		211AC8C5253540940083AB7E /* Sounds */ = {
			isa = PBXGroup;
			children = (
				211AC8D2253547F00083AB7E /* subradarlong.mp3 */,
				21EA13EA25EB351C0059D689 /* booster.m4a */,
				21EA13EB25EB351C0059D689 /* booster1.m4a */,
				211AC8CD2535468C0083AB7E /* event.mp3 */,
				211AC8CE2535468C0083AB7E /* message.mp3 */,
				21EA13EC25EB36FE0059D689 /* booster2.mp3 */,
				211AC8C6253540E00083AB7E /* radioRX.mp3 */,
			);
			path = Sounds;
			sourceTree = "<group>";
		};
		211AC8C9253543C90083AB7E /* Frameworks */ = {
			isa = PBXGroup;
			children = (
				212F8331253BB9D90051BB51 /* ExternalAccessory.framework */,
				212F832D253BB9B10051BB51 /* RedSerial.framework */,
				211AC8CA253543C90083AB7E /* AVFoundation.framework */,
			);
			name = Frameworks;
			sourceTree = "<group>";
		};
		2180BD632533C0540065A0FE = {
			isa = PBXGroup;
			children = (
				2180BD6E2533C0540065A0FE /* rTalkv1 */,
				2180BD6D2533C0540065A0FE /* Products */,
				211AC8C9253543C90083AB7E /* Frameworks */,
			);
			sourceTree = "<group>";
		};
		2180BD6D2533C0540065A0FE /* Products */ = {
			isa = PBXGroup;
			children = (
				2180BD6C2533C0540065A0FE /* rTalkv1.app */,
			);
			name = Products;
			sourceTree = "<group>";
		};
		2180BD6E2533C0540065A0FE /* rTalkv1 */ = {
			isa = PBXGroup;
			children = (
				211AC8C5253540940083AB7E /* Sounds */,
				2180BD6F2533C0540065A0FE /* AppDelegate.swift */,
				2180BD712533C0540065A0FE /* SceneDelegate.swift */,
				2180BD892533D45F0065A0FE /* MainView.swift */,
				2180BD8C2533D47B0065A0FE /* TrackerView.swift */,
				2180BD852533D1CE0065A0FE /* SummaryView.swift */,
				211AC8AC253526C10083AB7E /* ConfigView.swift */,
				211AC8AF253526DA0083AB7E /* TXView.swift */,
				211AC8B2253526F20083AB7E /* RadioView.swift */,
				211AC8B52535270B0083AB7E /* FilesView.swift */,
				219D82A525E9FF76005E5923 /* Booster.swift */,
				2180BD752533C0540065A0FE /* Main.storyboard */,
				2180BD782533C0560065A0FE /* Assets.xcassets */,
				2180BD7A2533C0560065A0FE /* LaunchScreen.storyboard */,
				2180BD7D2533C0560065A0FE /* Info.plist */,
			);
			path = rTalkv1;
			sourceTree = "<group>";
		};
/* End PBXGroup section */

/* Begin PBXNativeTarget section */
		2180BD6B2533C0540065A0FE /* rTalkv1 */ = {
			isa = PBXNativeTarget;
			buildConfigurationList = 2180BD802533C0560065A0FE /* Build configuration list for PBXNativeTarget "rTalkv1" */;
			buildPhases = (
				2180BD682533C0540065A0FE /* Sources */,
				2180BD692533C0540065A0FE /* Frameworks */,
				2180BD6A2533C0540065A0FE /* Resources */,
				212F8330253BB9B20051BB51 /* Embed Frameworks */,
			);
			buildRules = (
			);
			dependencies = (
			);
			name = rTalkv1;
			productName = TabTest3;
			productReference = 2180BD6C2533C0540065A0FE /* rTalkv1.app */;
			productType = "com.apple.product-type.application";
		};
/* End PBXNativeTarget section */

/* Begin PBXProject section */
		2180BD642533C0540065A0FE /* Project object */ = {
			isa = PBXProject;
			attributes = {
				LastSwiftUpdateCheck = 1200;
				LastUpgradeCheck = 1200;
				TargetAttributes = {
					2180BD6B2533C0540065A0FE = {
						CreatedOnToolsVersion = 12.0.1;
					};
				};
			};
			buildConfigurationList = 2180BD672533C0540065A0FE /* Build configuration list for PBXProject "rTalkv1" */;
			compatibilityVersion = "Xcode 9.3";
			developmentRegion = en;
			hasScannedForEncodings = 0;
			knownRegions = (
				en,
				Base,
			);
			mainGroup = 2180BD632533C0540065A0FE;
			productRefGroup = 2180BD6D2533C0540065A0FE /* Products */;
			projectDirPath = "";
			projectRoot = "";
			targets = (
				2180BD6B2533C0540065A0FE /* rTalkv1 */,
			);
		};
/* End PBXProject section */

/* Begin PBXResourcesBuildPhase section */
		2180BD6A2533C0540065A0FE /* Resources */ = {
			isa = PBXResourcesBuildPhase;
			buildActionMask = 2147483647;
			files = (
				2180BD7C2533C0560065A0FE /* LaunchScreen.storyboard in Resources */,
				211AC8D3253547F00083AB7E /* subradarlong.mp3 in Resources */,
				21EA13ED25EB36FE0059D689 /* booster2.mp3 in Resources */,
				211AC8CF2535468C0083AB7E /* event.mp3 in Resources */,
				211AC8D02535468C0083AB7E /* message.mp3 in Resources */,
				2180BD792533C0560065A0FE /* Assets.xcassets in Resources */,
				211AC8C7253540E00083AB7E /* radioRX.mp3 in Resources */,
				2180BD772533C0540065A0FE /* Main.storyboard in Resources */,
			);
			runOnlyForDeploymentPostprocessing = 0;
		};
/* End PBXResourcesBuildPhase section */

/* Begin PBXSourcesBuildPhase section */
		2180BD682533C0540065A0FE /* Sources */ = {
			isa = PBXSourcesBuildPhase;
			buildActionMask = 2147483647;
			files = (
				2180BD862533D1CE0065A0FE /* SummaryView.swift in Sources */,
				2180BD702533C0540065A0FE /* AppDelegate.swift in Sources */,
				211AC8AD253526C10083AB7E /* ConfigView.swift in Sources */,
				211AC8B62535270B0083AB7E /* FilesView.swift in Sources */,
				2180BD8A2533D45F0065A0FE /* MainView.swift in Sources */,
				2180BD722533C0540065A0FE /* SceneDelegate.swift in Sources */,
				211AC8B3253526F20083AB7E /* RadioView.swift in Sources */,
				211AC8B0253526DA0083AB7E /* TXView.swift in Sources */,
				219D82A625E9FF76005E5923 /* Booster.swift in Sources */,
				2180BD8D2533D47B0065A0FE /* TrackerView.swift in Sources */,
			);
			runOnlyForDeploymentPostprocessing = 0;
		};
/* End PBXSourcesBuildPhase section */

/* Begin PBXVariantGroup section */
		2180BD752533C0540065A0FE /* Main.storyboard */ = {
			isa = PBXVariantGroup;
			children = (
				2180BD762533C0540065A0FE /* Base */,
			);
			name = Main.storyboard;
			sourceTree = "<group>";
		};
		2180BD7A2533C0560065A0FE /* LaunchScreen.storyboard */ = {
			isa = PBXVariantGroup;
			children = (
				2180BD7B2533C0560065A0FE /* Base */,
			);
			name = LaunchScreen.storyboard;
			sourceTree = "<group>";
		};
/* End PBXVariantGroup section */

/* Begin XCBuildConfiguration section */
		2180BD7E2533C0560065A0FE /* Debug */ = {
			isa = XCBuildConfiguration;
			buildSettings = {
				ALWAYS_SEARCH_USER_PATHS = NO;
				CLANG_ANALYZER_NONNULL = YES;
				CLANG_ANALYZER_NUMBER_OBJECT_CONVERSION = YES_AGGRESSIVE;
				CLANG_CXX_LANGUAGE_STANDARD = "gnu++14";
				CLANG_CXX_LIBRARY = "libc++";
				CLANG_ENABLE_MODULES = YES;
				CLANG_ENABLE_OBJC_ARC = YES;
				CLANG_ENABLE_OBJC_WEAK = YES;
				CLANG_WARN_BLOCK_CAPTURE_AUTORELEASING = YES;
				CLANG_WARN_BOOL_CONVERSION = YES;
				CLANG_WARN_COMMA = YES;
				CLANG_WARN_CONSTANT_CONVERSION = YES;
				CLANG_WARN_DEPRECATED_OBJC_IMPLEMENTATIONS = YES;
				CLANG_WARN_DIRECT_OBJC_ISA_USAGE = YES_ERROR;
				CLANG_WARN_DOCUMENTATION_COMMENTS = YES;
				CLANG_WARN_EMPTY_BODY = YES;
				CLANG_WARN_ENUM_CONVERSION = YES;
				CLANG_WARN_INFINITE_RECURSION = YES;
				CLANG_WARN_INT_CONVERSION = YES;
				CLANG_WARN_NON_LITERAL_NULL_CONVERSION = YES;
				CLANG_WARN_OBJC_IMPLICIT_RETAIN_SELF = YES;
				CLANG_WARN_OBJC_LITERAL_CONVERSION = YES;
				CLANG_WARN_OBJC_ROOT_CLASS = YES_ERROR;
				CLANG_WARN_QUOTED_INCLUDE_IN_FRAMEWORK_HEADER = YES;
				CLANG_WARN_RANGE_LOOP_ANALYSIS = YES;
				CLANG_WARN_STRICT_PROTOTYPES = YES;
				CLANG_WARN_SUSPICIOUS_MOVE = YES;
				CLANG_WARN_UNGUARDED_AVAILABILITY = YES_AGGRESSIVE;
				CLANG_WARN_UNREACHABLE_CODE = YES;
				CLANG_WARN__DUPLICATE_METHOD_MATCH = YES;
				COPY_PHASE_STRIP = NO;
				DEBUG_INFORMATION_FORMAT = dwarf;
				ENABLE_STRICT_OBJC_MSGSEND = YES;
				ENABLE_TESTABILITY = YES;
				GCC_C_LANGUAGE_STANDARD = gnu11;
				GCC_DYNAMIC_NO_PIC = NO;
				GCC_NO_COMMON_BLOCKS = YES;
				GCC_OPTIMIZATION_LEVEL = 0;
				GCC_PREPROCESSOR_DEFINITIONS = (
					"DEBUG=1",
					"$(inherited)",
				);
				GCC_WARN_64_TO_32_BIT_CONVERSION = YES;
				GCC_WARN_ABOUT_RETURN_TYPE = YES_ERROR;
				GCC_WARN_UNDECLARED_SELECTOR = YES;
				GCC_WARN_UNINITIALIZED_AUTOS = YES_AGGRESSIVE;
				GCC_WARN_UNUSED_FUNCTION = YES;
				GCC_WARN_UNUSED_VARIABLE = YES;
				IPHONEOS_DEPLOYMENT_TARGET = 14.0;
				MTL_ENABLE_DEBUG_INFO = INCLUDE_SOURCE;
				MTL_FAST_MATH = YES;
				ONLY_ACTIVE_ARCH = YES;
				SDKROOT = iphoneos;
				SWIFT_ACTIVE_COMPILATION_CONDITIONS = DEBUG;
				SWIFT_OPTIMIZATION_LEVEL = "-Onone";
			};
			name = Debug;
		};
		2180BD7F2533C0560065A0FE /* Release */ = {
			isa = XCBuildConfiguration;
			buildSettings = {
				ALWAYS_SEARCH_USER_PATHS = NO;
				CLANG_ANALYZER_NONNULL = YES;
				CLANG_ANALYZER_NUMBER_OBJECT_CONVERSION = YES_AGGRESSIVE;
				CLANG_CXX_LANGUAGE_STANDARD = "gnu++14";
				CLANG_CXX_LIBRARY = "libc++";
				CLANG_ENABLE_MODULES = YES;
				CLANG_ENABLE_OBJC_ARC = YES;
				CLANG_ENABLE_OBJC_WEAK = YES;
				CLANG_WARN_BLOCK_CAPTURE_AUTORELEASING = YES;
				CLANG_WARN_BOOL_CONVERSION = YES;
				CLANG_WARN_COMMA = YES;
				CLANG_WARN_CONSTANT_CONVERSION = YES;
				CLANG_WARN_DEPRECATED_OBJC_IMPLEMENTATIONS = YES;
				CLANG_WARN_DIRECT_OBJC_ISA_USAGE = YES_ERROR;
				CLANG_WARN_DOCUMENTATION_COMMENTS = YES;
				CLANG_WARN_EMPTY_BODY = YES;
				CLANG_WARN_ENUM_CONVERSION = YES;
				CLANG_WARN_INFINITE_RECURSION = YES;
				CLANG_WARN_INT_CONVERSION = YES;
				CLANG_WARN_NON_LITERAL_NULL_CONVERSION = YES;
				CLANG_WARN_OBJC_IMPLICIT_RETAIN_SELF = YES;
				CLANG_WARN_OBJC_LITERAL_CONVERSION = YES;
				CLANG_WARN_OBJC_ROOT_CLASS = YES_ERROR;
				CLANG_WARN_QUOTED_INCLUDE_IN_FRAMEWORK_HEADER = YES;
				CLANG_WARN_RANGE_LOOP_ANALYSIS = YES;
				CLANG_WARN_STRICT_PROTOTYPES = YES;
				CLANG_WARN_SUSPICIOUS_MOVE = YES;
				CLANG_WARN_UNGUARDED_AVAILABILITY = YES_AGGRESSIVE;
				CLANG_WARN_UNREACHABLE_CODE = YES;
				CLANG_WARN__DUPLICATE_METHOD_MATCH = YES;
				COPY_PHASE_STRIP = NO;
				DEBUG_INFORMATION_FORMAT = "dwarf-with-dsym";
				ENABLE_NS_ASSERTIONS = NO;
				ENABLE_STRICT_OBJC_MSGSEND = YES;
				GCC_C_LANGUAGE_STANDARD = gnu11;
				GCC_NO_COMMON_BLOCKS = YES;
				GCC_WARN_64_TO_32_BIT_CONVERSION = YES;
				GCC_WARN_ABOUT_RETURN_TYPE = YES_ERROR;
				GCC_WARN_UNDECLARED_SELECTOR = YES;
				GCC_WARN_UNINITIALIZED_AUTOS = YES_AGGRESSIVE;
				GCC_WARN_UNUSED_FUNCTION = YES;
				GCC_WARN_UNUSED_VARIABLE = YES;
				IPHONEOS_DEPLOYMENT_TARGET = 14.0;
				MTL_ENABLE_DEBUG_INFO = NO;
				MTL_FAST_MATH = YES;
				SDKROOT = iphoneos;
				SWIFT_COMPILATION_MODE = wholemodule;
				SWIFT_OPTIMIZATION_LEVEL = "-O";
				VALIDATE_PRODUCT = YES;
			};
			name = Release;
		};
		2180BD812533C0560065A0FE /* Debug */ = {
			isa = XCBuildConfiguration;
			buildSettings = {
				ASSETCATALOG_COMPILER_APPICON_NAME = AppIcon;
				ASSETCATALOG_COMPILER_GLOBAL_ACCENT_COLOR_NAME = AccentColor;
				CODE_SIGN_STYLE = Automatic;
				DEVELOPMENT_TEAM = DQ8A677J38;
				FRAMEWORK_SEARCH_PATHS = (
					"$(inherited)",
					"$(PROJECT_DIR)/lib",
				);
				INFOPLIST_FILE = TabTest3/Info.plist;
				"INFOPLIST_FILE[sdk=*]" = rTalkv1/Info.plist;
				LD_RUNPATH_SEARCH_PATHS = (
					"$(inherited)",
					"@executable_path/Frameworks",
				);
				PRODUCT_BUNDLE_IDENTIFIER = Brinker.TabTest3;
				PRODUCT_NAME = "$(TARGET_NAME)";
				SWIFT_VERSION = 5.0;
				TARGETED_DEVICE_FAMILY = 2;
			};
			name = Debug;
		};
		2180BD822533C0560065A0FE /* Release */ = {
			isa = XCBuildConfiguration;
			buildSettings = {
				ASSETCATALOG_COMPILER_APPICON_NAME = AppIcon;
				ASSETCATALOG_COMPILER_GLOBAL_ACCENT_COLOR_NAME = AccentColor;
				CODE_SIGN_STYLE = Automatic;
				DEVELOPMENT_TEAM = DQ8A677J38;
				FRAMEWORK_SEARCH_PATHS = (
					"$(inherited)",
					"$(PROJECT_DIR)/lib",
				);
				INFOPLIST_FILE = rTalkv1/Info.plist;
				LD_RUNPATH_SEARCH_PATHS = (
					"$(inherited)",
					"@executable_path/Frameworks",
				);
				PRODUCT_BUNDLE_IDENTIFIER = Brinker.TabTest3;
				PRODUCT_NAME = "$(TARGET_NAME)";
				SWIFT_VERSION = 5.0;
				TARGETED_DEVICE_FAMILY = 2;
			};
			name = Release;
		};
/* End XCBuildConfiguration section */

/* Begin XCConfigurationList section */
		2180BD672533C0540065A0FE /* Build configuration list for PBXProject "rTalkv1" */ = {
			isa = XCConfigurationList;
			buildConfigurations = (
				2180BD7E2533C0560065A0FE /* Debug */,
				2180BD7F2533C0560065A0FE /* Release */,
			);
			defaultConfigurationIsVisible = 0;
			defaultConfigurationName = Release;
		};
		2180BD802533C0560065A0FE /* Build configuration list for PBXNativeTarget "rTalkv1" */ = {
			isa = XCConfigurationList;
			buildConfigurations = (
				2180BD812533C0560065A0FE /* Debug */,
				2180BD822533C0560065A0FE /* Release */,
			);
			defaultConfigurationIsVisible = 0;
			defaultConfigurationName = Release;
		};
/* End XCConfigurationList section */
	};
	rootObject = 2180BD642533C0540065A0FE /* Project object */;
}
